
Microsoft Visual Studio Solution File, Format Version 12.00
# Visual Studio Version 17
VisualStudioVersion = 17.13.35931.197
MinimumVisualStudioVersion = 10.0.40219.1
Project("{FAE04EC0-301F-11D3-BF4B-00C04F79EFBC}") = "Tinkwell.Bootstrapper", "Tinkwell.Bootstrapper\Tinkwell.Bootstrapper.csproj", "{DF1C7A72-F162-4E45-B44C-6953E8BC836B}"
EndProject
Project("{2150E333-8FDC-42A3-9474-1A3956D46DE8}") = "Protos", "Protos", "{02EA681E-C7D8-13C7-8484-4AC65E1B71E8}"
	ProjectSection(SolutionItems) = preProject
		Protos\tinkwell.discovery.proto = Protos\tinkwell.discovery.proto
		tinkwell.health_check.proto = tinkwell.health_check.proto
		Protos\tinkwell.orchestrator.proto = Protos\tinkwell.orchestrator.proto
		Protos\tinkwell.store.proto = Protos\tinkwell.store.proto
	EndProjectSection
EndProject
Project("{FAE04EC0-301F-11D3-BF4B-00C04F79EFBC}") = "Tinkwell.Supervisor", "Tinkwell.Supervisor\Tinkwell.Supervisor.csproj", "{3A1EA892-0D72-444B-9DAE-E03277D9E39B}"
	ProjectSection(ProjectDependencies) = postProject
		{050A1DD5-4208-4AA3-B05B-E39E7BC6BA86} = {050A1DD5-4208-4AA3-B05B-E39E7BC6BA86}
		{06BC9EE6-A1C4-4EEB-9BE3-506E362849EA} = {06BC9EE6-A1C4-4EEB-9BE3-506E362849EA}
		{15779DF1-E17F-4897-8E40-118B23B87861} = {15779DF1-E17F-4897-8E40-118B23B87861}
		{742A2D08-DD77-42D3-AD24-BB8F035CF2D5} = {742A2D08-DD77-42D3-AD24-BB8F035CF2D5}
		{FF258539-4DA9-48D7-A19F-D85366435C88} = {FF258539-4DA9-48D7-A19F-D85366435C88}
	EndProjectSection
EndProject
Project("{FAE04EC0-301F-11D3-BF4B-00C04F79EFBC}") = "Tinkwell.Bootstrapper.GrpcHost", "Tinkwell.Bootstrapper.GrpcHost\Tinkwell.Bootstrapper.GrpcHost.csproj", "{15779DF1-E17F-4897-8E40-118B23B87861}"
EndProject
Project("{2150E333-8FDC-42A3-9474-1A3956D46DE8}") = "Development", "Development", "{FA12E812-4458-4370-9AA2-2A76D0394707}"
EndProject
Project("{FAE04EC0-301F-11D3-BF4B-00C04F79EFBC}") = "Tinkwell.Development.Vs.Ensamble", "Development\Syntax\Tinkwell.Development.Vs.Ensamble\Tinkwell.Development.Vs.Ensamble.csproj", "{1EE26471-109D-4A33-9654-9DCF7C8DBEF2}"
EndProject
Project("{FAE04EC0-301F-11D3-BF4B-00C04F79EFBC}") = "Tinkwell.Orchestrator", "Tinkwell.Orchestrator\Tinkwell.Orchestrator.csproj", "{050A1DD5-4208-4AA3-B05B-E39E7BC6BA86}"
EndProject
Project("{FAE04EC0-301F-11D3-BF4B-00C04F79EFBC}") = "Tinkwell.Store", "Tinkwell.Store\Tinkwell.Store.csproj", "{742A2D08-DD77-42D3-AD24-BB8F035CF2D5}"
EndProject
Project("{FAE04EC0-301F-11D3-BF4B-00C04F79EFBC}") = "Tinkwell.Watchdog", "Tinkwell.Watchdog\Tinkwell.Watchdog.csproj", "{FF258539-4DA9-48D7-A19F-D85366435C88}"
EndProject
Project("{2150E333-8FDC-42A3-9474-1A3956D46DE8}") = "Bootstrapping", "Bootstrapping", "{871BD73A-61E3-4538-AFA1-C3A5390EB96F}"
EndProject
Project("{2150E333-8FDC-42A3-9474-1A3956D46DE8}") = "Health", "Health", "{3414DAD9-6B2D-47C7-8E23-26773419B7C7}"
EndProject
Project("{2150E333-8FDC-42A3-9474-1A3956D46DE8}") = "Measures", "Measures", "{5DD90D92-A1BD-4F32-BC68-FAD1A246BDB3}"
EndProject
Project("{FAE04EC0-301F-11D3-BF4B-00C04F79EFBC}") = "Tinkwell.HealthCheck", "Tinkwell.HealthCheck\Tinkwell.HealthCheck.csproj", "{ADE3242C-CDB9-4DF1-A2B2-24729273CA88}"
EndProject
Project("{FAE04EC0-301F-11D3-BF4B-00C04F79EFBC}") = "Tinkwell.Bootstrapper.DllHost", "Tinkwell.Bootstrapper.DllHost\Tinkwell.Bootstrapper.DllHost.csproj", "{06BC9EE6-A1C4-4EEB-9BE3-506E362849EA}"
EndProject
Global
	GlobalSection(SolutionConfigurationPlatforms) = preSolution
		Debug|Any CPU = Debug|Any CPU
		Release|Any CPU = Release|Any CPU
	EndGlobalSection
	GlobalSection(ProjectConfigurationPlatforms) = postSolution
		{DF1C7A72-F162-4E45-B44C-6953E8BC836B}.Debug|Any CPU.ActiveCfg = Debug|Any CPU
		{DF1C7A72-F162-4E45-B44C-6953E8BC836B}.Debug|Any CPU.Build.0 = Debug|Any CPU
		{DF1C7A72-F162-4E45-B44C-6953E8BC836B}.Release|Any CPU.ActiveCfg = Release|Any CPU
		{DF1C7A72-F162-4E45-B44C-6953E8BC836B}.Release|Any CPU.Build.0 = Release|Any CPU
		{3A1EA892-0D72-444B-9DAE-E03277D9E39B}.Debug|Any CPU.ActiveCfg = Debug|Any CPU
		{3A1EA892-0D72-444B-9DAE-E03277D9E39B}.Debug|Any CPU.Build.0 = Debug|Any CPU
		{3A1EA892-0D72-444B-9DAE-E03277D9E39B}.Release|Any CPU.ActiveCfg = Release|Any CPU
		{3A1EA892-0D72-444B-9DAE-E03277D9E39B}.Release|Any CPU.Build.0 = Release|Any CPU
		{15779DF1-E17F-4897-8E40-118B23B87861}.Debug|Any CPU.ActiveCfg = Debug|Any CPU
		{15779DF1-E17F-4897-8E40-118B23B87861}.Debug|Any CPU.Build.0 = Debug|Any CPU
		{15779DF1-E17F-4897-8E40-118B23B87861}.Release|Any CPU.ActiveCfg = Release|Any CPU
		{15779DF1-E17F-4897-8E40-118B23B87861}.Release|Any CPU.Build.0 = Release|Any CPU
		{1EE26471-109D-4A33-9654-9DCF7C8DBEF2}.Debug|Any CPU.ActiveCfg = Debug|Any CPU
		{1EE26471-109D-4A33-9654-9DCF7C8DBEF2}.Debug|Any CPU.Build.0 = Debug|Any CPU
		{1EE26471-109D-4A33-9654-9DCF7C8DBEF2}.Release|Any CPU.ActiveCfg = Release|Any CPU
		{1EE26471-109D-4A33-9654-9DCF7C8DBEF2}.Release|Any CPU.Build.0 = Release|Any CPU
		{050A1DD5-4208-4AA3-B05B-E39E7BC6BA86}.Debug|Any CPU.ActiveCfg = Debug|Any CPU
		{050A1DD5-4208-4AA3-B05B-E39E7BC6BA86}.Debug|Any CPU.Build.0 = Debug|Any CPU
		{050A1DD5-4208-4AA3-B05B-E39E7BC6BA86}.Release|Any CPU.ActiveCfg = Release|Any CPU
		{050A1DD5-4208-4AA3-B05B-E39E7BC6BA86}.Release|Any CPU.Build.0 = Release|Any CPU
		{742A2D08-DD77-42D3-AD24-BB8F035CF2D5}.Debug|Any CPU.ActiveCfg = Debug|Any CPU
		{742A2D08-DD77-42D3-AD24-BB8F035CF2D5}.Debug|Any CPU.Build.0 = Debug|Any CPU
		{742A2D08-DD77-42D3-AD24-BB8F035CF2D5}.Release|Any CPU.ActiveCfg = Release|Any CPU
		{742A2D08-DD77-42D3-AD24-BB8F035CF2D5}.Release|Any CPU.Build.0 = Release|Any CPU
		{FF258539-4DA9-48D7-A19F-D85366435C88}.Debug|Any CPU.ActiveCfg = Debug|Any CPU
		{FF258539-4DA9-48D7-A19F-D85366435C88}.Debug|Any CPU.Build.0 = Debug|Any CPU
		{FF258539-4DA9-48D7-A19F-D85366435C88}.Release|Any CPU.ActiveCfg = Release|Any CPU
		{FF258539-4DA9-48D7-A19F-D85366435C88}.Release|Any CPU.Build.0 = Release|Any CPU
		{ADE3242C-CDB9-4DF1-A2B2-24729273CA88}.Debug|Any CPU.ActiveCfg = Debug|Any CPU
		{ADE3242C-CDB9-4DF1-A2B2-24729273CA88}.Debug|Any CPU.Build.0 = Debug|Any CPU
		{ADE3242C-CDB9-4DF1-A2B2-24729273CA88}.Release|Any CPU.ActiveCfg = Release|Any CPU
		{ADE3242C-CDB9-4DF1-A2B2-24729273CA88}.Release|Any CPU.Build.0 = Release|Any CPU
		{06BC9EE6-A1C4-4EEB-9BE3-506E362849EA}.Debug|Any CPU.ActiveCfg = Debug|Any CPU
		{06BC9EE6-A1C4-4EEB-9BE3-506E362849EA}.Debug|Any CPU.Build.0 = Debug|Any CPU
		{06BC9EE6-A1C4-4EEB-9BE3-506E362849EA}.Release|Any CPU.ActiveCfg = Release|Any CPU
		{06BC9EE6-A1C4-4EEB-9BE3-506E362849EA}.Release|Any CPU.Build.0 = Release|Any CPU
	EndGlobalSection
	GlobalSection(SolutionProperties) = preSolution
		HideSolutionNode = FALSE
	EndGlobalSection
	GlobalSection(NestedProjects) = preSolution
		{3A1EA892-0D72-444B-9DAE-E03277D9E39B} = {871BD73A-61E3-4538-AFA1-C3A5390EB96F}
		{15779DF1-E17F-4897-8E40-118B23B87861} = {871BD73A-61E3-4538-AFA1-C3A5390EB96F}
		{1EE26471-109D-4A33-9654-9DCF7C8DBEF2} = {FA12E812-4458-4370-9AA2-2A76D0394707}
		{050A1DD5-4208-4AA3-B05B-E39E7BC6BA86} = {871BD73A-61E3-4538-AFA1-C3A5390EB96F}
		{742A2D08-DD77-42D3-AD24-BB8F035CF2D5} = {5DD90D92-A1BD-4F32-BC68-FAD1A246BDB3}
		{FF258539-4DA9-48D7-A19F-D85366435C88} = {3414DAD9-6B2D-47C7-8E23-26773419B7C7}
		{ADE3242C-CDB9-4DF1-A2B2-24729273CA88} = {3414DAD9-6B2D-47C7-8E23-26773419B7C7}
		{06BC9EE6-A1C4-4EEB-9BE3-506E362849EA} = {871BD73A-61E3-4538-AFA1-C3A5390EB96F}
	EndGlobalSection
	GlobalSection(ExtensibilityGlobals) = postSolution
		SolutionGuid = {C0934B28-6FF7-4875-BBB5-5041537BE9EB}
	EndGlobalSection
EndGlobal
