
Microsoft Visual Studio Solution File, Format Version 12.00
# Visual Studio Version 17
VisualStudioVersion = 17.13.35931.197
MinimumVisualStudioVersion = 10.0.40219.1
Project("{FAE04EC0-301F-11D3-BF4B-00C04F79EFBC}") = "Tinkwell.Bootstrapper", "Tinkwell.Bootstrapper\Tinkwell.Bootstrapper.csproj", "{DF1C7A72-F162-4E45-B44C-6953E8BC836B}"
EndProject
Project("{2150E333-8FDC-42A3-9474-1A3956D46DE8}") = "Protos", "Protos", "{02EA681E-C7D8-13C7-8484-4AC65E1B71E8}"
	ProjectSection(SolutionItems) = preProject
		Protos\tinkwell.discovery.proto = Protos\tinkwell.discovery.proto
		Protos\tinkwell.events_gateway.proto = Protos\tinkwell.events_gateway.proto
		tinkwell.health_check.proto = tinkwell.health_check.proto
		Protos\tinkwell.orchestrator.proto = Protos\tinkwell.orchestrator.proto
		Protos\tinkwell.store.proto = Protos\tinkwell.store.proto
	EndProjectSection
EndProject
Project("{FAE04EC0-301F-11D3-BF4B-00C04F79EFBC}") = "Tinkwell.Supervisor", "Tinkwell.Supervisor\Tinkwell.Supervisor.csproj", "{3A1EA892-0D72-444B-9DAE-E03277D9E39B}"
	ProjectSection(ProjectDependencies) = postProject
		{050A1DD5-4208-4AA3-B05B-E39E7BC6BA86} = {050A1DD5-4208-4AA3-B05B-E39E7BC6BA86}
		{06BC9EE6-A1C4-4EEB-9BE3-506E362849EA} = {06BC9EE6-A1C4-4EEB-9BE3-506E362849EA}
		{07E8428D-EBBC-9A96-654A-F1ED3F26D10A} = {07E8428D-EBBC-9A96-654A-F1ED3F26D10A}
		{0D035F04-124B-4606-BF6E-A75D1048F1A9} = {0D035F04-124B-4606-BF6E-A75D1048F1A9}
		{15779DF1-E17F-4897-8E40-118B23B87861} = {15779DF1-E17F-4897-8E40-118B23B87861}
		{455226BF-4BA9-8677-C7A6-0D42AA53DE20} = {455226BF-4BA9-8677-C7A6-0D42AA53DE20}
		{742A2D08-DD77-42D3-AD24-BB8F035CF2D5} = {742A2D08-DD77-42D3-AD24-BB8F035CF2D5}
		{A1B2C3D4-E5F6-7890-1234-567890ABCDEF} = {A1B2C3D4-E5F6-7890-1234-567890ABCDEF}
		{A8C56A23-2FF9-81E3-6390-CD91AADC4132} = {A8C56A23-2FF9-81E3-6390-CD91AADC4132}
		{ADE3242C-CDB9-4DF1-A2B2-24729273CA88} = {ADE3242C-CDB9-4DF1-A2B2-24729273CA88}
		{E0F35D94-A462-4E3B-864D-2F901008EC3D} = {E0F35D94-A462-4E3B-864D-2F901008EC3D}
		{FF258539-4DA9-48D7-A19F-D85366435C88} = {FF258539-4DA9-48D7-A19F-D85366435C88}
	EndProjectSection
EndProject
Project("{FAE04EC0-301F-11D3-BF4B-00C04F79EFBC}") = "Tinkwell.Bootstrapper.GrpcHost", "Tinkwell.Bootstrapper.GrpcHost\Tinkwell.Bootstrapper.GrpcHost.csproj", "{15779DF1-E17F-4897-8E40-118B23B87861}"
EndProject
Project("{2150E333-8FDC-42A3-9474-1A3956D46DE8}") = "Development", "Development", "{FA12E812-4458-4370-9AA2-2A76D0394707}"
EndProject
Project("{FAE04EC0-301F-11D3-BF4B-00C04F79EFBC}") = "Tinkwell.Development.Vs.Ensamble", "Development\Syntax\Tinkwell.Development.Vs.Ensamble\Tinkwell.Development.Vs.Ensamble.csproj", "{1EE26471-109D-4A33-9654-9DCF7C8DBEF2}"
EndProject
Project("{FAE04EC0-301F-11D3-BF4B-00C04F79EFBC}") = "Tinkwell.Orchestrator", "Tinkwell.Orchestrator\Tinkwell.Orchestrator.csproj", "{050A1DD5-4208-4AA3-B05B-E39E7BC6BA86}"
EndProject
Project("{FAE04EC0-301F-11D3-BF4B-00C04F79EFBC}") = "Tinkwell.Store", "Tinkwell.Store\Tinkwell.Store.csproj", "{742A2D08-DD77-42D3-AD24-BB8F035CF2D5}"
EndProject
Project("{FAE04EC0-301F-11D3-BF4B-00C04F79EFBC}") = "Tinkwell.Watchdog", "Tinkwell.Watchdog\Tinkwell.Watchdog.csproj", "{FF258539-4DA9-48D7-A19F-D85366435C88}"
EndProject
Project("{2150E333-8FDC-42A3-9474-1A3956D46DE8}") = "Bootstrapping", "Bootstrapping", "{871BD73A-61E3-4538-AFA1-C3A5390EB96F}"
EndProject
Project("{2150E333-8FDC-42A3-9474-1A3956D46DE8}") = "Health", "Health", "{3414DAD9-6B2D-47C7-8E23-26773419B7C7}"
EndProject
Project("{2150E333-8FDC-42A3-9474-1A3956D46DE8}") = "Measures", "Measures", "{5DD90D92-A1BD-4F32-BC68-FAD1A246BDB3}"
EndProject
Project("{FAE04EC0-301F-11D3-BF4B-00C04F79EFBC}") = "Tinkwell.HealthCheck", "Tinkwell.HealthCheck\Tinkwell.HealthCheck.csproj", "{ADE3242C-CDB9-4DF1-A2B2-24729273CA88}"
EndProject
Project("{FAE04EC0-301F-11D3-BF4B-00C04F79EFBC}") = "Tinkwell.Bootstrapper.DllHost", "Tinkwell.Bootstrapper.DllHost\Tinkwell.Bootstrapper.DllHost.csproj", "{06BC9EE6-A1C4-4EEB-9BE3-506E362849EA}"
EndProject
Project("{FAE04EC0-301F-11D3-BF4B-00C04F79EFBC}") = "Tinkwell.Reducer", "Tinkwell.Reducer\Tinkwell.Reducer.csproj", "{07E8428D-EBBC-9A96-654A-F1ED3F26D10A}"
EndProject
Project("{FAE04EC0-301F-11D3-BF4B-00C04F79EFBC}") = "Tinkwell.Cli", "Tinkwell.Cli\Tinkwell.Cli.csproj", "{74945CA4-4E3A-4B57-B740-9E2BABF056F4}"
EndProject
Project("{FAE04EC0-301F-11D3-BF4B-00C04F79EFBC}") = "Tinkwell.Measures.Configuration.Parser", "Tinkwell.Measures.Configuration.Parser\Tinkwell.Measures.Configuration.Parser.csproj", "{9D9D4EE3-B391-F3DF-A02C-C7F010AF3033}"
EndProject
Project("{FAE04EC0-301F-11D3-BF4B-00C04F79EFBC}") = "Tinkwell.EventsGateway", "Tinkwell.EventsGateway\Tinkwell.EventsGateway.csproj", "{455226BF-4BA9-8677-C7A6-0D42AA53DE20}"
EndProject
Project("{2150E333-8FDC-42A3-9474-1A3956D46DE8}") = "Events", "Events", "{4A7D192E-2F4B-49C7-A084-EBE9A992C3C9}"
EndProject
Project("{FAE04EC0-301F-11D3-BF4B-00C04F79EFBC}") = "Tinkwell.Reactor", "Tinkwell.Reactor\Tinkwell.Reactor.csproj", "{A8C56A23-2FF9-81E3-6390-CD91AADC4132}"
EndProject
Project("{2150E333-8FDC-42A3-9474-1A3956D46DE8}") = "Resources", "Resources", "{8E82D017-5939-4D73-BBB7-5EE08372ED84}"
EndProject
Project("{FAE04EC0-301F-11D3-BF4B-00C04F79EFBC}") = "Assets", "Assets\Assets.csproj", "{C05B9C95-0BC6-4BA5-86B1-1499F6A727DE}"
EndProject
Project("{FAE04EC0-301F-11D3-BF4B-00C04F79EFBC}") = "Tinkwell.Services.Proto", "Tinkwell.Services.Proto\Tinkwell.Services.Proto.csproj", "{C01066FF-8074-4C14-A1D3-B6C9BD1AF567}"
EndProject
Project("{2150E333-8FDC-42A3-9474-1A3956D46DE8}") = "CLI", "CLI", "{6195DDFB-31D8-48F3-A5D5-5326E04FB422}"
EndProject
Project("{FAE04EC0-301F-11D3-BF4B-00C04F79EFBC}") = "Tinkwell.Cli.Windows", "Tinkwell.Cli.Windows\Tinkwell.Cli.Windows.csproj", "{1E0B9AB9-B7F5-432F-858D-127DD07336D7}"
EndProject
Project("{FAE04EC0-301F-11D3-BF4B-00C04F79EFBC}") = "Tinkwell.Bootstrapper.Ensamble.Parser", "Tinkwell.Bootstrapper.Ensamble.Parser\Tinkwell.Bootstrapper.Ensamble.Parser.csproj", "{663BEBB0-D155-4CF0-AF36-25E42A2190A1}"
EndProject
Project("{FAE04EC0-301F-11D3-BF4B-00C04F79EFBC}") = "Tinkwell.Actions.Configuration.Parser", "Tinkwell.Actions.Configuration.Parser\Tinkwell.Actions.Configuration.Parser.csproj", "{F40249A0-73B3-462B-8F0D-0D4442B96F5F}"
EndProject
Project("{FAE04EC0-301F-11D3-BF4B-00C04F79EFBC}") = "Tinkwell.Actions.Executor", "Tinkwell.Actions.Executor\Tinkwell.Actions.Executor.csproj", "{0D035F04-124B-4606-BF6E-A75D1048F1A9}"
EndProject
Project("{FAE04EC0-301F-11D3-BF4B-00C04F79EFBC}") = "Tinkwell.Bridge.MqttClient", "Tinkwell.Bridge.MqttClient\Tinkwell.Bridge.MqttClient.csproj", "{E0F35D94-A462-4E3B-864D-2F901008EC3D}"
EndProject
Project("{FAE04EC0-301F-11D3-BF4B-00C04F79EFBC}") = "Tinkwell.Bridge.MqttServer", "Tinkwell.Bridge.MqttServer\Tinkwell.Bridge.MqttServer.csproj", "{A1B2C3D4-E5F6-7890-1234-567890ABCDEF}"
EndProject
Project("{2150E333-8FDC-42A3-9474-1A3956D46DE8}") = "Bridges", "Bridges", "{7D120E26-E7BF-437C-83DD-39B8ADBD3E07}"
EndProject
Project("{FAE04EC0-301F-11D3-BF4B-00C04F79EFBC}") = "Tinkwell.Measures", "Tinkwell.Measures\Tinkwell.Measures.csproj", "{E312271A-C1CA-45F8-8682-B244F7EC70DC}"
EndProject
Project("{FAE04EC0-301F-11D3-BF4B-00C04F79EFBC}") = "Tinkwell.Cli.Commands.Templates", "Tinkwell.Cli.Commands.Templates\Tinkwell.Cli.Commands.Templates.csproj", "{1B9A8C4E-6D3A-4D5E-8A6A-4E8B0E3895C5}"
EndProject
Project("{FAE04EC0-301F-11D3-BF4B-00C04F79EFBC}") = "Tinkwell.Store.Storage.Sqlite", "Tinkwell.Store.Storage.Sqlite\Tinkwell.Store.Storage.Sqlite.csproj", "{8B5A145D-AA55-4BCD-8BCE-82A57BAA0FD4}"
EndProject
Project("{2150E333-8FDC-42A3-9474-1A3956D46DE8}") = "Tests", "Tests", "{0AB3BF05-4346-4AA6-1389-037BE0695223}"
EndProject
Project("{FAE04EC0-301F-11D3-BF4B-00C04F79EFBC}") = "Tinkwell.Bootstrapper.Tests", "Tests\Tinkwell.Bootstrapper.Tests\Tinkwell.Bootstrapper.Tests.csproj", "{A9CDEF0F-5F23-4930-8DF6-1661DE7DB387}"
EndProject
Project("{FAE04EC0-301F-11D3-BF4B-00C04F79EFBC}") = "Tinkwell.Bootstrapper.Ensamble.Parser.Tests", "Tests\Tinkwell.Bootstrapper.Ensamble.Parser.Tests\Tinkwell.Bootstrapper.Ensamble.Parser.Tests.csproj", "{D34CE32B-B8CB-488D-8263-42BC48A728AE}"
EndProject
Project("{FAE04EC0-301F-11D3-BF4B-00C04F79EFBC}") = "Tinkwell.Measures.Configuration.Parser.Tests", "Tests\Tinkwell.Measures.Configuration.Parser.Tests\Tinkwell.Measures.Configuration.Parser.Tests.csproj", "{EF08279B-0B0E-2007-F68F-DE3657BCDD5D}"
EndProject
Project("{FAE04EC0-301F-11D3-BF4B-00C04F79EFBC}") = "Tinkwell.Actions.Configuration.Parser.Tests", "Tests\Tinkwell.Actions.Configuration.Parser.Tests\Tinkwell.Actions.Configuration.Parser.Tests.csproj", "{7145AD1B-AB2D-F6B0-D1E6-916ABC17A6C8}"
EndProject
Project("{FAE04EC0-301F-11D3-BF4B-00C04F79EFBC}") = "Tinkwell.Bridge.MqttClient.Tests", "Tests\Tinkwell.Bridge.MqttClient.Tests\Tinkwell.Bridge.MqttClient.Tests.csproj", "{59546C08-25A8-42D7-A247-4303D386FD87}"
EndProject
Project("{FAE04EC0-301F-11D3-BF4B-00C04F79EFBC}") = "Tinkwell.Measures.Tests", "Tests\Tinkwell.Measures.Tests\Tinkwell.Measures.Tests.csproj", "{E1B5BB2E-F6A2-76A6-F3F4-3B3568D3AF64}"
EndProject
Project("{2150E333-8FDC-42A3-9474-1A3956D46DE8}") = "Tinkwell.IntegrationTests", "Tinkwell.IntegrationTests", "{E4BC1CBA-1214-4977-7A86-5ABD708868CC}"
EndProject
Project("{FAE04EC0-301F-11D3-BF4B-00C04F79EFBC}") = "Tinkwell.IntegrationTests", "Tests\Tinkwell.IntegrationTests\Tinkwell.IntegrationTests\Tinkwell.IntegrationTests.csproj", "{F7601BC3-898D-421C-96D8-07ABC071C358}"
EndProject
Global
	GlobalSection(SolutionConfigurationPlatforms) = preSolution
		Debug|Any CPU = Debug|Any CPU
		Debug|x64 = Debug|x64
		Debug|x86 = Debug|x86
		Release|Any CPU = Release|Any CPU
		Release|x64 = Release|x64
		Release|x86 = Release|x86
	EndGlobalSection
	GlobalSection(ProjectConfigurationPlatforms) = postSolution
		{DF1C7A72-F162-4E45-B44C-6953E8BC836B}.Debug|Any CPU.ActiveCfg = Debug|Any CPU
		{DF1C7A72-F162-4E45-B44C-6953E8BC836B}.Debug|Any CPU.Build.0 = Debug|Any CPU
		{DF1C7A72-F162-4E45-B44C-6953E8BC836B}.Debug|x64.ActiveCfg = Debug|Any CPU
		{DF1C7A72-F162-4E45-B44C-6953E8BC836B}.Debug|x64.Build.0 = Debug|Any CPU
		{DF1C7A72-F162-4E45-B44C-6953E8BC836B}.Debug|x86.ActiveCfg = Debug|Any CPU
		{DF1C7A72-F162-4E45-B44C-6953E8BC836B}.Debug|x86.Build.0 = Debug|Any CPU
		{DF1C7A72-F162-4E45-B44C-6953E8BC836B}.Release|Any CPU.ActiveCfg = Release|Any CPU
		{DF1C7A72-F162-4E45-B44C-6953E8BC836B}.Release|Any CPU.Build.0 = Release|Any CPU
		{DF1C7A72-F162-4E45-B44C-6953E8BC836B}.Release|x64.ActiveCfg = Release|Any CPU
		{DF1C7A72-F162-4E45-B44C-6953E8BC836B}.Release|x64.Build.0 = Release|Any CPU
		{DF1C7A72-F162-4E45-B44C-6953E8BC836B}.Release|x86.ActiveCfg = Release|Any CPU
		{DF1C7A72-F162-4E45-B44C-6953E8BC836B}.Release|x86.Build.0 = Release|Any CPU
		{3A1EA892-0D72-444B-9DAE-E03277D9E39B}.Debug|Any CPU.ActiveCfg = Debug|Any CPU
		{3A1EA892-0D72-444B-9DAE-E03277D9E39B}.Debug|Any CPU.Build.0 = Debug|Any CPU
		{3A1EA892-0D72-444B-9DAE-E03277D9E39B}.Debug|x64.ActiveCfg = Debug|Any CPU
		{3A1EA892-0D72-444B-9DAE-E03277D9E39B}.Debug|x64.Build.0 = Debug|Any CPU
		{3A1EA892-0D72-444B-9DAE-E03277D9E39B}.Debug|x86.ActiveCfg = Debug|Any CPU
		{3A1EA892-0D72-444B-9DAE-E03277D9E39B}.Debug|x86.Build.0 = Debug|Any CPU
		{3A1EA892-0D72-444B-9DAE-E03277D9E39B}.Release|Any CPU.ActiveCfg = Release|Any CPU
		{3A1EA892-0D72-444B-9DAE-E03277D9E39B}.Release|Any CPU.Build.0 = Release|Any CPU
		{3A1EA892-0D72-444B-9DAE-E03277D9E39B}.Release|x64.ActiveCfg = Release|Any CPU
		{3A1EA892-0D72-444B-9DAE-E03277D9E39B}.Release|x64.Build.0 = Release|Any CPU
		{3A1EA892-0D72-444B-9DAE-E03277D9E39B}.Release|x86.ActiveCfg = Release|Any CPU
		{3A1EA892-0D72-444B-9DAE-E03277D9E39B}.Release|x86.Build.0 = Release|Any CPU
		{15779DF1-E17F-4897-8E40-118B23B87861}.Debug|Any CPU.ActiveCfg = Debug|Any CPU
		{15779DF1-E17F-4897-8E40-118B23B87861}.Debug|Any CPU.Build.0 = Debug|Any CPU
		{15779DF1-E17F-4897-8E40-118B23B87861}.Debug|x64.ActiveCfg = Debug|Any CPU
		{15779DF1-E17F-4897-8E40-118B23B87861}.Debug|x64.Build.0 = Debug|Any CPU
		{15779DF1-E17F-4897-8E40-118B23B87861}.Debug|x86.ActiveCfg = Debug|Any CPU
		{15779DF1-E17F-4897-8E40-118B23B87861}.Debug|x86.Build.0 = Debug|Any CPU
		{15779DF1-E17F-4897-8E40-118B23B87861}.Release|Any CPU.ActiveCfg = Release|Any CPU
		{15779DF1-E17F-4897-8E40-118B23B87861}.Release|Any CPU.Build.0 = Release|Any CPU
		{15779DF1-E17F-4897-8E40-118B23B87861}.Release|x64.ActiveCfg = Release|Any CPU
		{15779DF1-E17F-4897-8E40-118B23B87861}.Release|x64.Build.0 = Release|Any CPU
		{15779DF1-E17F-4897-8E40-118B23B87861}.Release|x86.ActiveCfg = Release|Any CPU
		{15779DF1-E17F-4897-8E40-118B23B87861}.Release|x86.Build.0 = Release|Any CPU
		{1EE26471-109D-4A33-9654-9DCF7C8DBEF2}.Debug|Any CPU.ActiveCfg = Debug|Any CPU
		{1EE26471-109D-4A33-9654-9DCF7C8DBEF2}.Debug|Any CPU.Build.0 = Debug|Any CPU
		{1EE26471-109D-4A33-9654-9DCF7C8DBEF2}.Debug|x64.ActiveCfg = Debug|Any CPU
		{1EE26471-109D-4A33-9654-9DCF7C8DBEF2}.Debug|x64.Build.0 = Debug|Any CPU
		{1EE26471-109D-4A33-9654-9DCF7C8DBEF2}.Debug|x86.ActiveCfg = Debug|Any CPU
		{1EE26471-109D-4A33-9654-9DCF7C8DBEF2}.Debug|x86.Build.0 = Debug|Any CPU
		{1EE26471-109D-4A33-9654-9DCF7C8DBEF2}.Release|Any CPU.ActiveCfg = Release|Any CPU
		{1EE26471-109D-4A33-9654-9DCF7C8DBEF2}.Release|Any CPU.Build.0 = Release|Any CPU
		{1EE26471-109D-4A33-9654-9DCF7C8DBEF2}.Release|x64.ActiveCfg = Release|Any CPU
		{1EE26471-109D-4A33-9654-9DCF7C8DBEF2}.Release|x64.Build.0 = Release|Any CPU
		{1EE26471-109D-4A33-9654-9DCF7C8DBEF2}.Release|x86.ActiveCfg = Release|Any CPU
		{1EE26471-109D-4A33-9654-9DCF7C8DBEF2}.Release|x86.Build.0 = Release|Any CPU
		{050A1DD5-4208-4AA3-B05B-E39E7BC6BA86}.Debug|Any CPU.ActiveCfg = Debug|Any CPU
		{050A1DD5-4208-4AA3-B05B-E39E7BC6BA86}.Debug|Any CPU.Build.0 = Debug|Any CPU
		{050A1DD5-4208-4AA3-B05B-E39E7BC6BA86}.Debug|x64.ActiveCfg = Debug|Any CPU
		{050A1DD5-4208-4AA3-B05B-E39E7BC6BA86}.Debug|x64.Build.0 = Debug|Any CPU
		{050A1DD5-4208-4AA3-B05B-E39E7BC6BA86}.Debug|x86.ActiveCfg = Debug|Any CPU
		{050A1DD5-4208-4AA3-B05B-E39E7BC6BA86}.Debug|x86.Build.0 = Debug|Any CPU
		{050A1DD5-4208-4AA3-B05B-E39E7BC6BA86}.Release|Any CPU.ActiveCfg = Release|Any CPU
		{050A1DD5-4208-4AA3-B05B-E39E7BC6BA86}.Release|Any CPU.Build.0 = Release|Any CPU
		{050A1DD5-4208-4AA3-B05B-E39E7BC6BA86}.Release|x64.ActiveCfg = Release|Any CPU
		{050A1DD5-4208-4AA3-B05B-E39E7BC6BA86}.Release|x64.Build.0 = Release|Any CPU
		{050A1DD5-4208-4AA3-B05B-E39E7BC6BA86}.Release|x86.ActiveCfg = Release|Any CPU
		{050A1DD5-4208-4AA3-B05B-E39E7BC6BA86}.Release|x86.Build.0 = Release|Any CPU
		{742A2D08-DD77-42D3-AD24-BB8F035CF2D5}.Debug|Any CPU.ActiveCfg = Debug|Any CPU
		{742A2D08-DD77-42D3-AD24-BB8F035CF2D5}.Debug|Any CPU.Build.0 = Debug|Any CPU
		{742A2D08-DD77-42D3-AD24-BB8F035CF2D5}.Debug|x64.ActiveCfg = Debug|Any CPU
		{742A2D08-DD77-42D3-AD24-BB8F035CF2D5}.Debug|x64.Build.0 = Debug|Any CPU
		{742A2D08-DD77-42D3-AD24-BB8F035CF2D5}.Debug|x86.ActiveCfg = Debug|Any CPU
		{742A2D08-DD77-42D3-AD24-BB8F035CF2D5}.Debug|x86.Build.0 = Debug|Any CPU
		{742A2D08-DD77-42D3-AD24-BB8F035CF2D5}.Release|Any CPU.ActiveCfg = Release|Any CPU
		{742A2D08-DD77-42D3-AD24-BB8F035CF2D5}.Release|Any CPU.Build.0 = Release|Any CPU
		{742A2D08-DD77-42D3-AD24-BB8F035CF2D5}.Release|x64.ActiveCfg = Release|Any CPU
		{742A2D08-DD77-42D3-AD24-BB8F035CF2D5}.Release|x64.Build.0 = Release|Any CPU
		{742A2D08-DD77-42D3-AD24-BB8F035CF2D5}.Release|x86.ActiveCfg = Release|Any CPU
		{742A2D08-DD77-42D3-AD24-BB8F035CF2D5}.Release|x86.Build.0 = Release|Any CPU
		{FF258539-4DA9-48D7-A19F-D85366435C88}.Debug|Any CPU.ActiveCfg = Debug|Any CPU
		{FF258539-4DA9-48D7-A19F-D85366435C88}.Debug|Any CPU.Build.0 = Debug|Any CPU
		{FF258539-4DA9-48D7-A19F-D85366435C88}.Debug|x64.ActiveCfg = Debug|Any CPU
		{FF258539-4DA9-48D7-A19F-D85366435C88}.Debug|x64.Build.0 = Debug|Any CPU
		{FF258539-4DA9-48D7-A19F-D85366435C88}.Debug|x86.ActiveCfg = Debug|Any CPU
		{FF258539-4DA9-48D7-A19F-D85366435C88}.Debug|x86.Build.0 = Debug|Any CPU
		{FF258539-4DA9-48D7-A19F-D85366435C88}.Release|Any CPU.ActiveCfg = Release|Any CPU
		{FF258539-4DA9-48D7-A19F-D85366435C88}.Release|Any CPU.Build.0 = Release|Any CPU
		{FF258539-4DA9-48D7-A19F-D85366435C88}.Release|x64.ActiveCfg = Release|Any CPU
		{FF258539-4DA9-48D7-A19F-D85366435C88}.Release|x64.Build.0 = Release|Any CPU
		{FF258539-4DA9-48D7-A19F-D85366435C88}.Release|x86.ActiveCfg = Release|Any CPU
		{FF258539-4DA9-48D7-A19F-D85366435C88}.Release|x86.Build.0 = Release|Any CPU
		{ADE3242C-CDB9-4DF1-A2B2-24729273CA88}.Debug|Any CPU.ActiveCfg = Debug|Any CPU
		{ADE3242C-CDB9-4DF1-A2B2-24729273CA88}.Debug|Any CPU.Build.0 = Debug|Any CPU
		{ADE3242C-CDB9-4DF1-A2B2-24729273CA88}.Debug|x64.ActiveCfg = Debug|Any CPU
		{ADE3242C-CDB9-4DF1-A2B2-24729273CA88}.Debug|x64.Build.0 = Debug|Any CPU
		{ADE3242C-CDB9-4DF1-A2B2-24729273CA88}.Debug|x86.ActiveCfg = Debug|Any CPU
		{ADE3242C-CDB9-4DF1-A2B2-24729273CA88}.Debug|x86.Build.0 = Debug|Any CPU
		{ADE3242C-CDB9-4DF1-A2B2-24729273CA88}.Release|Any CPU.ActiveCfg = Release|Any CPU
		{ADE3242C-CDB9-4DF1-A2B2-24729273CA88}.Release|Any CPU.Build.0 = Release|Any CPU
		{ADE3242C-CDB9-4DF1-A2B2-24729273CA88}.Release|x64.ActiveCfg = Release|Any CPU
		{ADE3242C-CDB9-4DF1-A2B2-24729273CA88}.Release|x64.Build.0 = Release|Any CPU
		{ADE3242C-CDB9-4DF1-A2B2-24729273CA88}.Release|x86.ActiveCfg = Release|Any CPU
		{ADE3242C-CDB9-4DF1-A2B2-24729273CA88}.Release|x86.Build.0 = Release|Any CPU
		{06BC9EE6-A1C4-4EEB-9BE3-506E362849EA}.Debug|Any CPU.ActiveCfg = Debug|Any CPU
		{06BC9EE6-A1C4-4EEB-9BE3-506E362849EA}.Debug|Any CPU.Build.0 = Debug|Any CPU
		{06BC9EE6-A1C4-4EEB-9BE3-506E362849EA}.Debug|x64.ActiveCfg = Debug|Any CPU
		{06BC9EE6-A1C4-4EEB-9BE3-506E362849EA}.Debug|x64.Build.0 = Debug|Any CPU
		{06BC9EE6-A1C4-4EEB-9BE3-506E362849EA}.Debug|x86.ActiveCfg = Debug|Any CPU
		{06BC9EE6-A1C4-4EEB-9BE3-506E362849EA}.Debug|x86.Build.0 = Debug|Any CPU
		{06BC9EE6-A1C4-4EEB-9BE3-506E362849EA}.Release|Any CPU.ActiveCfg = Release|Any CPU
		{06BC9EE6-A1C4-4EEB-9BE3-506E362849EA}.Release|Any CPU.Build.0 = Release|Any CPU
		{06BC9EE6-A1C4-4EEB-9BE3-506E362849EA}.Release|x64.ActiveCfg = Release|Any CPU
		{06BC9EE6-A1C4-4EEB-9BE3-506E362849EA}.Release|x64.Build.0 = Release|Any CPU
		{06BC9EE6-A1C4-4EEB-9BE3-506E362849EA}.Release|x86.ActiveCfg = Release|Any CPU
		{06BC9EE6-A1C4-4EEB-9BE3-506E362849EA}.Release|x86.Build.0 = Release|Any CPU
		{07E8428D-EBBC-9A96-654A-F1ED3F26D10A}.Debug|Any CPU.ActiveCfg = Debug|Any CPU
		{07E8428D-EBBC-9A96-654A-F1ED3F26D10A}.Debug|Any CPU.Build.0 = Debug|Any CPU
		{07E8428D-EBBC-9A96-654A-F1ED3F26D10A}.Debug|x64.ActiveCfg = Debug|Any CPU
		{07E8428D-EBBC-9A96-654A-F1ED3F26D10A}.Debug|x64.Build.0 = Debug|Any CPU
		{07E8428D-EBBC-9A96-654A-F1ED3F26D10A}.Debug|x86.ActiveCfg = Debug|Any CPU
		{07E8428D-EBBC-9A96-654A-F1ED3F26D10A}.Debug|x86.Build.0 = Debug|Any CPU
		{07E8428D-EBBC-9A96-654A-F1ED3F26D10A}.Release|Any CPU.ActiveCfg = Release|Any CPU
		{07E8428D-EBBC-9A96-654A-F1ED3F26D10A}.Release|Any CPU.Build.0 = Release|Any CPU
		{07E8428D-EBBC-9A96-654A-F1ED3F26D10A}.Release|x64.ActiveCfg = Release|Any CPU
		{07E8428D-EBBC-9A96-654A-F1ED3F26D10A}.Release|x64.Build.0 = Release|Any CPU
		{07E8428D-EBBC-9A96-654A-F1ED3F26D10A}.Release|x86.ActiveCfg = Release|Any CPU
		{07E8428D-EBBC-9A96-654A-F1ED3F26D10A}.Release|x86.Build.0 = Release|Any CPU
		{74945CA4-4E3A-4B57-B740-9E2BABF056F4}.Debug|Any CPU.ActiveCfg = Debug|Any CPU
		{74945CA4-4E3A-4B57-B740-9E2BABF056F4}.Debug|Any CPU.Build.0 = Debug|Any CPU
		{74945CA4-4E3A-4B57-B740-9E2BABF056F4}.Debug|x64.ActiveCfg = Debug|Any CPU
		{74945CA4-4E3A-4B57-B740-9E2BABF056F4}.Debug|x64.Build.0 = Debug|Any CPU
		{74945CA4-4E3A-4B57-B740-9E2BABF056F4}.Debug|x86.ActiveCfg = Debug|Any CPU
		{74945CA4-4E3A-4B57-B740-9E2BABF056F4}.Debug|x86.Build.0 = Debug|Any CPU
		{74945CA4-4E3A-4B57-B740-9E2BABF056F4}.Release|Any CPU.ActiveCfg = Release|Any CPU
		{74945CA4-4E3A-4B57-B740-9E2BABF056F4}.Release|Any CPU.Build.0 = Release|Any CPU
		{74945CA4-4E3A-4B57-B740-9E2BABF056F4}.Release|x64.ActiveCfg = Release|Any CPU
		{74945CA4-4E3A-4B57-B740-9E2BABF056F4}.Release|x64.Build.0 = Release|Any CPU
		{74945CA4-4E3A-4B57-B740-9E2BABF056F4}.Release|x86.ActiveCfg = Release|Any CPU
		{74945CA4-4E3A-4B57-B740-9E2BABF056F4}.Release|x86.Build.0 = Release|Any CPU
		{9D9D4EE3-B391-F3DF-A02C-C7F010AF3033}.Debug|Any CPU.ActiveCfg = Debug|Any CPU
		{9D9D4EE3-B391-F3DF-A02C-C7F010AF3033}.Debug|Any CPU.Build.0 = Debug|Any CPU
		{9D9D4EE3-B391-F3DF-A02C-C7F010AF3033}.Debug|x64.ActiveCfg = Debug|Any CPU
		{9D9D4EE3-B391-F3DF-A02C-C7F010AF3033}.Debug|x64.Build.0 = Debug|Any CPU
		{9D9D4EE3-B391-F3DF-A02C-C7F010AF3033}.Debug|x86.ActiveCfg = Debug|Any CPU
		{9D9D4EE3-B391-F3DF-A02C-C7F010AF3033}.Debug|x86.Build.0 = Debug|Any CPU
		{9D9D4EE3-B391-F3DF-A02C-C7F010AF3033}.Release|Any CPU.ActiveCfg = Release|Any CPU
		{9D9D4EE3-B391-F3DF-A02C-C7F010AF3033}.Release|Any CPU.Build.0 = Release|Any CPU
		{9D9D4EE3-B391-F3DF-A02C-C7F010AF3033}.Release|x64.ActiveCfg = Release|Any CPU
		{9D9D4EE3-B391-F3DF-A02C-C7F010AF3033}.Release|x64.Build.0 = Release|Any CPU
		{9D9D4EE3-B391-F3DF-A02C-C7F010AF3033}.Release|x86.ActiveCfg = Release|Any CPU
		{9D9D4EE3-B391-F3DF-A02C-C7F010AF3033}.Release|x86.Build.0 = Release|Any CPU
		{455226BF-4BA9-8677-C7A6-0D42AA53DE20}.Debug|Any CPU.ActiveCfg = Debug|Any CPU
		{455226BF-4BA9-8677-C7A6-0D42AA53DE20}.Debug|Any CPU.Build.0 = Debug|Any CPU
		{455226BF-4BA9-8677-C7A6-0D42AA53DE20}.Debug|x64.ActiveCfg = Debug|Any CPU
		{455226BF-4BA9-8677-C7A6-0D42AA53DE20}.Debug|x64.Build.0 = Debug|Any CPU
		{455226BF-4BA9-8677-C7A6-0D42AA53DE20}.Debug|x86.ActiveCfg = Debug|Any CPU
		{455226BF-4BA9-8677-C7A6-0D42AA53DE20}.Debug|x86.Build.0 = Debug|Any CPU
		{455226BF-4BA9-8677-C7A6-0D42AA53DE20}.Release|Any CPU.ActiveCfg = Release|Any CPU
		{455226BF-4BA9-8677-C7A6-0D42AA53DE20}.Release|Any CPU.Build.0 = Release|Any CPU
		{455226BF-4BA9-8677-C7A6-0D42AA53DE20}.Release|x64.ActiveCfg = Release|Any CPU
		{455226BF-4BA9-8677-C7A6-0D42AA53DE20}.Release|x64.Build.0 = Release|Any CPU
		{455226BF-4BA9-8677-C7A6-0D42AA53DE20}.Release|x86.ActiveCfg = Release|Any CPU
		{455226BF-4BA9-8677-C7A6-0D42AA53DE20}.Release|x86.Build.0 = Release|Any CPU
		{A8C56A23-2FF9-81E3-6390-CD91AADC4132}.Debug|Any CPU.ActiveCfg = Debug|Any CPU
		{A8C56A23-2FF9-81E3-6390-CD91AADC4132}.Debug|Any CPU.Build.0 = Debug|Any CPU
		{A8C56A23-2FF9-81E3-6390-CD91AADC4132}.Debug|x64.ActiveCfg = Debug|Any CPU
		{A8C56A23-2FF9-81E3-6390-CD91AADC4132}.Debug|x64.Build.0 = Debug|Any CPU
		{A8C56A23-2FF9-81E3-6390-CD91AADC4132}.Debug|x86.ActiveCfg = Debug|Any CPU
		{A8C56A23-2FF9-81E3-6390-CD91AADC4132}.Debug|x86.Build.0 = Debug|Any CPU
		{A8C56A23-2FF9-81E3-6390-CD91AADC4132}.Release|Any CPU.ActiveCfg = Release|Any CPU
		{A8C56A23-2FF9-81E3-6390-CD91AADC4132}.Release|Any CPU.Build.0 = Release|Any CPU
		{A8C56A23-2FF9-81E3-6390-CD91AADC4132}.Release|x64.ActiveCfg = Release|Any CPU
		{A8C56A23-2FF9-81E3-6390-CD91AADC4132}.Release|x64.Build.0 = Release|Any CPU
		{A8C56A23-2FF9-81E3-6390-CD91AADC4132}.Release|x86.ActiveCfg = Release|Any CPU
		{A8C56A23-2FF9-81E3-6390-CD91AADC4132}.Release|x86.Build.0 = Release|Any CPU
		{C05B9C95-0BC6-4BA5-86B1-1499F6A727DE}.Debug|Any CPU.ActiveCfg = Debug|Any CPU
		{C05B9C95-0BC6-4BA5-86B1-1499F6A727DE}.Debug|Any CPU.Build.0 = Debug|Any CPU
		{C05B9C95-0BC6-4BA5-86B1-1499F6A727DE}.Debug|x64.ActiveCfg = Debug|Any CPU
		{C05B9C95-0BC6-4BA5-86B1-1499F6A727DE}.Debug|x64.Build.0 = Debug|Any CPU
		{C05B9C95-0BC6-4BA5-86B1-1499F6A727DE}.Debug|x86.ActiveCfg = Debug|Any CPU
		{C05B9C95-0BC6-4BA5-86B1-1499F6A727DE}.Debug|x86.Build.0 = Debug|Any CPU
		{C05B9C95-0BC6-4BA5-86B1-1499F6A727DE}.Release|Any CPU.ActiveCfg = Release|Any CPU
		{C05B9C95-0BC6-4BA5-86B1-1499F6A727DE}.Release|Any CPU.Build.0 = Release|Any CPU
		{C05B9C95-0BC6-4BA5-86B1-1499F6A727DE}.Release|x64.ActiveCfg = Release|Any CPU
		{C05B9C95-0BC6-4BA5-86B1-1499F6A727DE}.Release|x64.Build.0 = Release|Any CPU
		{C05B9C95-0BC6-4BA5-86B1-1499F6A727DE}.Release|x86.ActiveCfg = Release|Any CPU
		{C05B9C95-0BC6-4BA5-86B1-1499F6A727DE}.Release|x86.Build.0 = Release|Any CPU
		{C01066FF-8074-4C14-A1D3-B6C9BD1AF567}.Debug|Any CPU.ActiveCfg = Debug|Any CPU
		{C01066FF-8074-4C14-A1D3-B6C9BD1AF567}.Debug|Any CPU.Build.0 = Debug|Any CPU
		{C01066FF-8074-4C14-A1D3-B6C9BD1AF567}.Debug|x64.ActiveCfg = Debug|Any CPU
		{C01066FF-8074-4C14-A1D3-B6C9BD1AF567}.Debug|x64.Build.0 = Debug|Any CPU
		{C01066FF-8074-4C14-A1D3-B6C9BD1AF567}.Debug|x86.ActiveCfg = Debug|Any CPU
		{C01066FF-8074-4C14-A1D3-B6C9BD1AF567}.Debug|x86.Build.0 = Debug|Any CPU
		{C01066FF-8074-4C14-A1D3-B6C9BD1AF567}.Release|Any CPU.ActiveCfg = Release|Any CPU
		{C01066FF-8074-4C14-A1D3-B6C9BD1AF567}.Release|Any CPU.Build.0 = Release|Any CPU
		{C01066FF-8074-4C14-A1D3-B6C9BD1AF567}.Release|x64.ActiveCfg = Release|Any CPU
		{C01066FF-8074-4C14-A1D3-B6C9BD1AF567}.Release|x64.Build.0 = Release|Any CPU
		{C01066FF-8074-4C14-A1D3-B6C9BD1AF567}.Release|x86.ActiveCfg = Release|Any CPU
		{C01066FF-8074-4C14-A1D3-B6C9BD1AF567}.Release|x86.Build.0 = Release|Any CPU
		{1E0B9AB9-B7F5-432F-858D-127DD07336D7}.Debug|Any CPU.ActiveCfg = Debug|Any CPU
		{1E0B9AB9-B7F5-432F-858D-127DD07336D7}.Debug|Any CPU.Build.0 = Debug|Any CPU
		{1E0B9AB9-B7F5-432F-858D-127DD07336D7}.Debug|x64.ActiveCfg = Debug|Any CPU
		{1E0B9AB9-B7F5-432F-858D-127DD07336D7}.Debug|x64.Build.0 = Debug|Any CPU
		{1E0B9AB9-B7F5-432F-858D-127DD07336D7}.Debug|x86.ActiveCfg = Debug|Any CPU
		{1E0B9AB9-B7F5-432F-858D-127DD07336D7}.Debug|x86.Build.0 = Debug|Any CPU
		{1E0B9AB9-B7F5-432F-858D-127DD07336D7}.Release|Any CPU.ActiveCfg = Release|Any CPU
		{1E0B9AB9-B7F5-432F-858D-127DD07336D7}.Release|Any CPU.Build.0 = Release|Any CPU
		{1E0B9AB9-B7F5-432F-858D-127DD07336D7}.Release|x64.ActiveCfg = Release|Any CPU
		{1E0B9AB9-B7F5-432F-858D-127DD07336D7}.Release|x64.Build.0 = Release|Any CPU
		{1E0B9AB9-B7F5-432F-858D-127DD07336D7}.Release|x86.ActiveCfg = Release|Any CPU
		{1E0B9AB9-B7F5-432F-858D-127DD07336D7}.Release|x86.Build.0 = Release|Any CPU
		{663BEBB0-D155-4CF0-AF36-25E42A2190A1}.Debug|Any CPU.ActiveCfg = Debug|Any CPU
		{663BEBB0-D155-4CF0-AF36-25E42A2190A1}.Debug|Any CPU.Build.0 = Debug|Any CPU
		{663BEBB0-D155-4CF0-AF36-25E42A2190A1}.Debug|x64.ActiveCfg = Debug|Any CPU
		{663BEBB0-D155-4CF0-AF36-25E42A2190A1}.Debug|x64.Build.0 = Debug|Any CPU
		{663BEBB0-D155-4CF0-AF36-25E42A2190A1}.Debug|x86.ActiveCfg = Debug|Any CPU
		{663BEBB0-D155-4CF0-AF36-25E42A2190A1}.Debug|x86.Build.0 = Debug|Any CPU
		{663BEBB0-D155-4CF0-AF36-25E42A2190A1}.Release|Any CPU.ActiveCfg = Release|Any CPU
		{663BEBB0-D155-4CF0-AF36-25E42A2190A1}.Release|Any CPU.Build.0 = Release|Any CPU
		{663BEBB0-D155-4CF0-AF36-25E42A2190A1}.Release|x64.ActiveCfg = Release|Any CPU
		{663BEBB0-D155-4CF0-AF36-25E42A2190A1}.Release|x64.Build.0 = Release|Any CPU
		{663BEBB0-D155-4CF0-AF36-25E42A2190A1}.Release|x86.ActiveCfg = Release|Any CPU
		{663BEBB0-D155-4CF0-AF36-25E42A2190A1}.Release|x86.Build.0 = Release|Any CPU
		{F40249A0-73B3-462B-8F0D-0D4442B96F5F}.Debug|Any CPU.ActiveCfg = Debug|Any CPU
		{F40249A0-73B3-462B-8F0D-0D4442B96F5F}.Debug|Any CPU.Build.0 = Debug|Any CPU
		{F40249A0-73B3-462B-8F0D-0D4442B96F5F}.Debug|x64.ActiveCfg = Debug|Any CPU
		{F40249A0-73B3-462B-8F0D-0D4442B96F5F}.Debug|x64.Build.0 = Debug|Any CPU
		{F40249A0-73B3-462B-8F0D-0D4442B96F5F}.Debug|x86.ActiveCfg = Debug|Any CPU
		{F40249A0-73B3-462B-8F0D-0D4442B96F5F}.Debug|x86.Build.0 = Debug|Any CPU
		{F40249A0-73B3-462B-8F0D-0D4442B96F5F}.Release|Any CPU.ActiveCfg = Release|Any CPU
		{F40249A0-73B3-462B-8F0D-0D4442B96F5F}.Release|Any CPU.Build.0 = Release|Any CPU
		{F40249A0-73B3-462B-8F0D-0D4442B96F5F}.Release|x64.ActiveCfg = Release|Any CPU
		{F40249A0-73B3-462B-8F0D-0D4442B96F5F}.Release|x64.Build.0 = Release|Any CPU
		{F40249A0-73B3-462B-8F0D-0D4442B96F5F}.Release|x86.ActiveCfg = Release|Any CPU
		{F40249A0-73B3-462B-8F0D-0D4442B96F5F}.Release|x86.Build.0 = Release|Any CPU
		{0D035F04-124B-4606-BF6E-A75D1048F1A9}.Debug|Any CPU.ActiveCfg = Debug|Any CPU
		{0D035F04-124B-4606-BF6E-A75D1048F1A9}.Debug|Any CPU.Build.0 = Debug|Any CPU
		{0D035F04-124B-4606-BF6E-A75D1048F1A9}.Debug|x64.ActiveCfg = Debug|Any CPU
		{0D035F04-124B-4606-BF6E-A75D1048F1A9}.Debug|x64.Build.0 = Debug|Any CPU
		{0D035F04-124B-4606-BF6E-A75D1048F1A9}.Debug|x86.ActiveCfg = Debug|Any CPU
		{0D035F04-124B-4606-BF6E-A75D1048F1A9}.Debug|x86.Build.0 = Debug|Any CPU
		{0D035F04-124B-4606-BF6E-A75D1048F1A9}.Release|Any CPU.ActiveCfg = Release|Any CPU
		{0D035F04-124B-4606-BF6E-A75D1048F1A9}.Release|Any CPU.Build.0 = Release|Any CPU
		{0D035F04-124B-4606-BF6E-A75D1048F1A9}.Release|x64.ActiveCfg = Release|Any CPU
		{0D035F04-124B-4606-BF6E-A75D1048F1A9}.Release|x64.Build.0 = Release|Any CPU
		{0D035F04-124B-4606-BF6E-A75D1048F1A9}.Release|x86.ActiveCfg = Release|Any CPU
		{0D035F04-124B-4606-BF6E-A75D1048F1A9}.Release|x86.Build.0 = Release|Any CPU
		{E0F35D94-A462-4E3B-864D-2F901008EC3D}.Debug|Any CPU.ActiveCfg = Debug|Any CPU
		{E0F35D94-A462-4E3B-864D-2F901008EC3D}.Debug|Any CPU.Build.0 = Debug|Any CPU
		{E0F35D94-A462-4E3B-864D-2F901008EC3D}.Debug|x64.ActiveCfg = Debug|Any CPU
		{E0F35D94-A462-4E3B-864D-2F901008EC3D}.Debug|x64.Build.0 = Debug|Any CPU
		{E0F35D94-A462-4E3B-864D-2F901008EC3D}.Debug|x86.ActiveCfg = Debug|Any CPU
		{E0F35D94-A462-4E3B-864D-2F901008EC3D}.Debug|x86.Build.0 = Debug|Any CPU
		{E0F35D94-A462-4E3B-864D-2F901008EC3D}.Release|Any CPU.ActiveCfg = Release|Any CPU
		{E0F35D94-A462-4E3B-864D-2F901008EC3D}.Release|Any CPU.Build.0 = Release|Any CPU
		{E0F35D94-A462-4E3B-864D-2F901008EC3D}.Release|x64.ActiveCfg = Release|Any CPU
		{E0F35D94-A462-4E3B-864D-2F901008EC3D}.Release|x64.Build.0 = Release|Any CPU
		{E0F35D94-A462-4E3B-864D-2F901008EC3D}.Release|x86.ActiveCfg = Release|Any CPU
		{E0F35D94-A462-4E3B-864D-2F901008EC3D}.Release|x86.Build.0 = Release|Any CPU
		{A1B2C3D4-E5F6-7890-1234-567890ABCDEF}.Debug|Any CPU.ActiveCfg = Debug|Any CPU
		{A1B2C3D4-E5F6-7890-1234-567890ABCDEF}.Debug|Any CPU.Build.0 = Debug|Any CPU
		{A1B2C3D4-E5F6-7890-1234-567890ABCDEF}.Debug|x64.ActiveCfg = Debug|Any CPU
		{A1B2C3D4-E5F6-7890-1234-567890ABCDEF}.Debug|x64.Build.0 = Debug|Any CPU
		{A1B2C3D4-E5F6-7890-1234-567890ABCDEF}.Debug|x86.ActiveCfg = Debug|Any CPU
		{A1B2C3D4-E5F6-7890-1234-567890ABCDEF}.Debug|x86.Build.0 = Debug|Any CPU
		{A1B2C3D4-E5F6-7890-1234-567890ABCDEF}.Release|Any CPU.ActiveCfg = Release|Any CPU
		{A1B2C3D4-E5F6-7890-1234-567890ABCDEF}.Release|Any CPU.Build.0 = Release|Any CPU
		{A1B2C3D4-E5F6-7890-1234-567890ABCDEF}.Release|x64.ActiveCfg = Release|Any CPU
		{A1B2C3D4-E5F6-7890-1234-567890ABCDEF}.Release|x64.Build.0 = Release|Any CPU
		{A1B2C3D4-E5F6-7890-1234-567890ABCDEF}.Release|x86.ActiveCfg = Release|Any CPU
		{A1B2C3D4-E5F6-7890-1234-567890ABCDEF}.Release|x86.Build.0 = Release|Any CPU
		{E312271A-C1CA-45F8-8682-B244F7EC70DC}.Debug|Any CPU.ActiveCfg = Debug|Any CPU
		{E312271A-C1CA-45F8-8682-B244F7EC70DC}.Debug|Any CPU.Build.0 = Debug|Any CPU
		{E312271A-C1CA-45F8-8682-B244F7EC70DC}.Debug|x64.ActiveCfg = Debug|Any CPU
		{E312271A-C1CA-45F8-8682-B244F7EC70DC}.Debug|x64.Build.0 = Debug|Any CPU
		{E312271A-C1CA-45F8-8682-B244F7EC70DC}.Debug|x86.ActiveCfg = Debug|Any CPU
		{E312271A-C1CA-45F8-8682-B244F7EC70DC}.Debug|x86.Build.0 = Debug|Any CPU
		{E312271A-C1CA-45F8-8682-B244F7EC70DC}.Release|Any CPU.ActiveCfg = Release|Any CPU
		{E312271A-C1CA-45F8-8682-B244F7EC70DC}.Release|Any CPU.Build.0 = Release|Any CPU
		{E312271A-C1CA-45F8-8682-B244F7EC70DC}.Release|x64.ActiveCfg = Release|Any CPU
		{E312271A-C1CA-45F8-8682-B244F7EC70DC}.Release|x64.Build.0 = Release|Any CPU
		{E312271A-C1CA-45F8-8682-B244F7EC70DC}.Release|x86.ActiveCfg = Release|Any CPU
		{E312271A-C1CA-45F8-8682-B244F7EC70DC}.Release|x86.Build.0 = Release|Any CPU
		{1B9A8C4E-6D3A-4D5E-8A6A-4E8B0E3895C5}.Debug|Any CPU.ActiveCfg = Debug|Any CPU
		{1B9A8C4E-6D3A-4D5E-8A6A-4E8B0E3895C5}.Debug|Any CPU.Build.0 = Debug|Any CPU
		{1B9A8C4E-6D3A-4D5E-8A6A-4E8B0E3895C5}.Debug|x64.ActiveCfg = Debug|Any CPU
		{1B9A8C4E-6D3A-4D5E-8A6A-4E8B0E3895C5}.Debug|x64.Build.0 = Debug|Any CPU
		{1B9A8C4E-6D3A-4D5E-8A6A-4E8B0E3895C5}.Debug|x86.ActiveCfg = Debug|Any CPU
		{1B9A8C4E-6D3A-4D5E-8A6A-4E8B0E3895C5}.Debug|x86.Build.0 = Debug|Any CPU
		{1B9A8C4E-6D3A-4D5E-8A6A-4E8B0E3895C5}.Release|Any CPU.ActiveCfg = Release|Any CPU
		{1B9A8C4E-6D3A-4D5E-8A6A-4E8B0E3895C5}.Release|Any CPU.Build.0 = Release|Any CPU
		{1B9A8C4E-6D3A-4D5E-8A6A-4E8B0E3895C5}.Release|x64.ActiveCfg = Release|Any CPU
		{1B9A8C4E-6D3A-4D5E-8A6A-4E8B0E3895C5}.Release|x64.Build.0 = Release|Any CPU
		{1B9A8C4E-6D3A-4D5E-8A6A-4E8B0E3895C5}.Release|x86.ActiveCfg = Release|Any CPU
		{1B9A8C4E-6D3A-4D5E-8A6A-4E8B0E3895C5}.Release|x86.Build.0 = Release|Any CPU
		{8B5A145D-AA55-4BCD-8BCE-82A57BAA0FD4}.Debug|Any CPU.ActiveCfg = Debug|Any CPU
		{8B5A145D-AA55-4BCD-8BCE-82A57BAA0FD4}.Debug|Any CPU.Build.0 = Debug|Any CPU
		{8B5A145D-AA55-4BCD-8BCE-82A57BAA0FD4}.Debug|x64.ActiveCfg = Debug|Any CPU
		{8B5A145D-AA55-4BCD-8BCE-82A57BAA0FD4}.Debug|x64.Build.0 = Debug|Any CPU
		{8B5A145D-AA55-4BCD-8BCE-82A57BAA0FD4}.Debug|x86.ActiveCfg = Debug|Any CPU
		{8B5A145D-AA55-4BCD-8BCE-82A57BAA0FD4}.Debug|x86.Build.0 = Debug|Any CPU
		{8B5A145D-AA55-4BCD-8BCE-82A57BAA0FD4}.Release|Any CPU.ActiveCfg = Release|Any CPU
		{8B5A145D-AA55-4BCD-8BCE-82A57BAA0FD4}.Release|Any CPU.Build.0 = Release|Any CPU
		{8B5A145D-AA55-4BCD-8BCE-82A57BAA0FD4}.Release|x64.ActiveCfg = Release|Any CPU
		{8B5A145D-AA55-4BCD-8BCE-82A57BAA0FD4}.Release|x64.Build.0 = Release|Any CPU
		{8B5A145D-AA55-4BCD-8BCE-82A57BAA0FD4}.Release|x86.ActiveCfg = Release|Any CPU
		{8B5A145D-AA55-4BCD-8BCE-82A57BAA0FD4}.Release|x86.Build.0 = Release|Any CPU
		{A9CDEF0F-5F23-4930-8DF6-1661DE7DB387}.Debug|Any CPU.ActiveCfg = Debug|Any CPU
		{A9CDEF0F-5F23-4930-8DF6-1661DE7DB387}.Debug|Any CPU.Build.0 = Debug|Any CPU
		{A9CDEF0F-5F23-4930-8DF6-1661DE7DB387}.Debug|x64.ActiveCfg = Debug|Any CPU
		{A9CDEF0F-5F23-4930-8DF6-1661DE7DB387}.Debug|x64.Build.0 = Debug|Any CPU
		{A9CDEF0F-5F23-4930-8DF6-1661DE7DB387}.Debug|x86.ActiveCfg = Debug|Any CPU
		{A9CDEF0F-5F23-4930-8DF6-1661DE7DB387}.Debug|x86.Build.0 = Debug|Any CPU
		{A9CDEF0F-5F23-4930-8DF6-1661DE7DB387}.Release|Any CPU.ActiveCfg = Release|Any CPU
		{A9CDEF0F-5F23-4930-8DF6-1661DE7DB387}.Release|Any CPU.Build.0 = Release|Any CPU
		{A9CDEF0F-5F23-4930-8DF6-1661DE7DB387}.Release|x64.ActiveCfg = Release|Any CPU
		{A9CDEF0F-5F23-4930-8DF6-1661DE7DB387}.Release|x64.Build.0 = Release|Any CPU
		{A9CDEF0F-5F23-4930-8DF6-1661DE7DB387}.Release|x86.ActiveCfg = Release|Any CPU
		{A9CDEF0F-5F23-4930-8DF6-1661DE7DB387}.Release|x86.Build.0 = Release|Any CPU
		{D34CE32B-B8CB-488D-8263-42BC48A728AE}.Debug|Any CPU.ActiveCfg = Debug|Any CPU
		{D34CE32B-B8CB-488D-8263-42BC48A728AE}.Debug|Any CPU.Build.0 = Debug|Any CPU
		{D34CE32B-B8CB-488D-8263-42BC48A728AE}.Debug|x64.ActiveCfg = Debug|Any CPU
		{D34CE32B-B8CB-488D-8263-42BC48A728AE}.Debug|x64.Build.0 = Debug|Any CPU
		{D34CE32B-B8CB-488D-8263-42BC48A728AE}.Debug|x86.ActiveCfg = Debug|Any CPU
		{D34CE32B-B8CB-488D-8263-42BC48A728AE}.Debug|x86.Build.0 = Debug|Any CPU
		{D34CE32B-B8CB-488D-8263-42BC48A728AE}.Release|Any CPU.ActiveCfg = Release|Any CPU
		{D34CE32B-B8CB-488D-8263-42BC48A728AE}.Release|Any CPU.Build.0 = Release|Any CPU
		{D34CE32B-B8CB-488D-8263-42BC48A728AE}.Release|x64.ActiveCfg = Release|Any CPU
		{D34CE32B-B8CB-488D-8263-42BC48A728AE}.Release|x64.Build.0 = Release|Any CPU
		{D34CE32B-B8CB-488D-8263-42BC48A728AE}.Release|x86.ActiveCfg = Release|Any CPU
		{D34CE32B-B8CB-488D-8263-42BC48A728AE}.Release|x86.Build.0 = Release|Any CPU
		{EF08279B-0B0E-2007-F68F-DE3657BCDD5D}.Debug|Any CPU.ActiveCfg = Debug|Any CPU
		{EF08279B-0B0E-2007-F68F-DE3657BCDD5D}.Debug|Any CPU.Build.0 = Debug|Any CPU
		{EF08279B-0B0E-2007-F68F-DE3657BCDD5D}.Debug|x64.ActiveCfg = Debug|Any CPU
		{EF08279B-0B0E-2007-F68F-DE3657BCDD5D}.Debug|x64.Build.0 = Debug|Any CPU
		{EF08279B-0B0E-2007-F68F-DE3657BCDD5D}.Debug|x86.ActiveCfg = Debug|Any CPU
		{EF08279B-0B0E-2007-F68F-DE3657BCDD5D}.Debug|x86.Build.0 = Debug|Any CPU
		{EF08279B-0B0E-2007-F68F-DE3657BCDD5D}.Release|Any CPU.ActiveCfg = Release|Any CPU
		{EF08279B-0B0E-2007-F68F-DE3657BCDD5D}.Release|Any CPU.Build.0 = Release|Any CPU
		{EF08279B-0B0E-2007-F68F-DE3657BCDD5D}.Release|x64.ActiveCfg = Release|Any CPU
		{EF08279B-0B0E-2007-F68F-DE3657BCDD5D}.Release|x64.Build.0 = Release|Any CPU
		{EF08279B-0B0E-2007-F68F-DE3657BCDD5D}.Release|x86.ActiveCfg = Release|Any CPU
		{EF08279B-0B0E-2007-F68F-DE3657BCDD5D}.Release|x86.Build.0 = Release|Any CPU
		{7145AD1B-AB2D-F6B0-D1E6-916ABC17A6C8}.Debug|Any CPU.ActiveCfg = Debug|Any CPU
		{7145AD1B-AB2D-F6B0-D1E6-916ABC17A6C8}.Debug|Any CPU.Build.0 = Debug|Any CPU
		{7145AD1B-AB2D-F6B0-D1E6-916ABC17A6C8}.Debug|x64.ActiveCfg = Debug|Any CPU
		{7145AD1B-AB2D-F6B0-D1E6-916ABC17A6C8}.Debug|x64.Build.0 = Debug|Any CPU
		{7145AD1B-AB2D-F6B0-D1E6-916ABC17A6C8}.Debug|x86.ActiveCfg = Debug|Any CPU
		{7145AD1B-AB2D-F6B0-D1E6-916ABC17A6C8}.Debug|x86.Build.0 = Debug|Any CPU
		{7145AD1B-AB2D-F6B0-D1E6-916ABC17A6C8}.Release|Any CPU.ActiveCfg = Release|Any CPU
		{7145AD1B-AB2D-F6B0-D1E6-916ABC17A6C8}.Release|Any CPU.Build.0 = Release|Any CPU
		{7145AD1B-AB2D-F6B0-D1E6-916ABC17A6C8}.Release|x64.ActiveCfg = Release|Any CPU
		{7145AD1B-AB2D-F6B0-D1E6-916ABC17A6C8}.Release|x64.Build.0 = Release|Any CPU
		{7145AD1B-AB2D-F6B0-D1E6-916ABC17A6C8}.Release|x86.ActiveCfg = Release|Any CPU
		{7145AD1B-AB2D-F6B0-D1E6-916ABC17A6C8}.Release|x86.Build.0 = Release|Any CPU
		{59546C08-25A8-42D7-A247-4303D386FD87}.Debug|Any CPU.ActiveCfg = Debug|Any CPU
		{59546C08-25A8-42D7-A247-4303D386FD87}.Debug|Any CPU.Build.0 = Debug|Any CPU
		{59546C08-25A8-42D7-A247-4303D386FD87}.Debug|x64.ActiveCfg = Debug|Any CPU
		{59546C08-25A8-42D7-A247-4303D386FD87}.Debug|x64.Build.0 = Debug|Any CPU
		{59546C08-25A8-42D7-A247-4303D386FD87}.Debug|x86.ActiveCfg = Debug|Any CPU
		{59546C08-25A8-42D7-A247-4303D386FD87}.Debug|x86.Build.0 = Debug|Any CPU
		{59546C08-25A8-42D7-A247-4303D386FD87}.Release|Any CPU.ActiveCfg = Release|Any CPU
		{59546C08-25A8-42D7-A247-4303D386FD87}.Release|Any CPU.Build.0 = Release|Any CPU
		{59546C08-25A8-42D7-A247-4303D386FD87}.Release|x64.ActiveCfg = Release|Any CPU
		{59546C08-25A8-42D7-A247-4303D386FD87}.Release|x64.Build.0 = Release|Any CPU
		{59546C08-25A8-42D7-A247-4303D386FD87}.Release|x86.ActiveCfg = Release|Any CPU
		{59546C08-25A8-42D7-A247-4303D386FD87}.Release|x86.Build.0 = Release|Any CPU
		{E1B5BB2E-F6A2-76A6-F3F4-3B3568D3AF64}.Debug|Any CPU.ActiveCfg = Debug|Any CPU
		{E1B5BB2E-F6A2-76A6-F3F4-3B3568D3AF64}.Debug|Any CPU.Build.0 = Debug|Any CPU
		{E1B5BB2E-F6A2-76A6-F3F4-3B3568D3AF64}.Debug|x64.ActiveCfg = Debug|Any CPU
		{E1B5BB2E-F6A2-76A6-F3F4-3B3568D3AF64}.Debug|x64.Build.0 = Debug|Any CPU
		{E1B5BB2E-F6A2-76A6-F3F4-3B3568D3AF64}.Debug|x86.ActiveCfg = Debug|Any CPU
		{E1B5BB2E-F6A2-76A6-F3F4-3B3568D3AF64}.Debug|x86.Build.0 = Debug|Any CPU
		{E1B5BB2E-F6A2-76A6-F3F4-3B3568D3AF64}.Release|Any CPU.ActiveCfg = Release|Any CPU
		{E1B5BB2E-F6A2-76A6-F3F4-3B3568D3AF64}.Release|Any CPU.Build.0 = Release|Any CPU
		{E1B5BB2E-F6A2-76A6-F3F4-3B3568D3AF64}.Release|x64.ActiveCfg = Release|Any CPU
		{E1B5BB2E-F6A2-76A6-F3F4-3B3568D3AF64}.Release|x64.Build.0 = Release|Any CPU
		{E1B5BB2E-F6A2-76A6-F3F4-3B3568D3AF64}.Release|x86.ActiveCfg = Release|Any CPU
		{E1B5BB2E-F6A2-76A6-F3F4-3B3568D3AF64}.Release|x86.Build.0 = Release|Any CPU
		{F7601BC3-898D-421C-96D8-07ABC071C358}.Debug|Any CPU.ActiveCfg = Debug|Any CPU
		{F7601BC3-898D-421C-96D8-07ABC071C358}.Debug|Any CPU.Build.0 = Debug|Any CPU
		{F7601BC3-898D-421C-96D8-07ABC071C358}.Debug|x64.ActiveCfg = Debug|Any CPU
		{F7601BC3-898D-421C-96D8-07ABC071C358}.Debug|x64.Build.0 = Debug|Any CPU
		{F7601BC3-898D-421C-96D8-07ABC071C358}.Debug|x86.ActiveCfg = Debug|Any CPU
		{F7601BC3-898D-421C-96D8-07ABC071C358}.Debug|x86.Build.0 = Debug|Any CPU
		{F7601BC3-898D-421C-96D8-07ABC071C358}.Release|Any CPU.ActiveCfg = Release|Any CPU
		{F7601BC3-898D-421C-96D8-07ABC071C358}.Release|Any CPU.Build.0 = Release|Any CPU
		{F7601BC3-898D-421C-96D8-07ABC071C358}.Release|x64.ActiveCfg = Release|Any CPU
		{F7601BC3-898D-421C-96D8-07ABC071C358}.Release|x64.Build.0 = Release|Any CPU
		{F7601BC3-898D-421C-96D8-07ABC071C358}.Release|x86.ActiveCfg = Release|Any CPU
		{F7601BC3-898D-421C-96D8-07ABC071C358}.Release|x86.Build.0 = Release|Any CPU
	EndGlobalSection
	GlobalSection(SolutionProperties) = preSolution
		HideSolutionNode = FALSE
	EndGlobalSection
	GlobalSection(NestedProjects) = preSolution
		{02EA681E-C7D8-13C7-8484-4AC65E1B71E8} = {8E82D017-5939-4D73-BBB7-5EE08372ED84}
		{3A1EA892-0D72-444B-9DAE-E03277D9E39B} = {871BD73A-61E3-4538-AFA1-C3A5390EB96F}
		{15779DF1-E17F-4897-8E40-118B23B87861} = {871BD73A-61E3-4538-AFA1-C3A5390EB96F}
		{1EE26471-109D-4A33-9654-9DCF7C8DBEF2} = {FA12E812-4458-4370-9AA2-2A76D0394707}
		{050A1DD5-4208-4AA3-B05B-E39E7BC6BA86} = {871BD73A-61E3-4538-AFA1-C3A5390EB96F}
		{742A2D08-DD77-42D3-AD24-BB8F035CF2D5} = {5DD90D92-A1BD-4F32-BC68-FAD1A246BDB3}
		{FF258539-4DA9-48D7-A19F-D85366435C88} = {3414DAD9-6B2D-47C7-8E23-26773419B7C7}
		{ADE3242C-CDB9-4DF1-A2B2-24729273CA88} = {3414DAD9-6B2D-47C7-8E23-26773419B7C7}
		{06BC9EE6-A1C4-4EEB-9BE3-506E362849EA} = {871BD73A-61E3-4538-AFA1-C3A5390EB96F}
		{07E8428D-EBBC-9A96-654A-F1ED3F26D10A} = {5DD90D92-A1BD-4F32-BC68-FAD1A246BDB3}
		{74945CA4-4E3A-4B57-B740-9E2BABF056F4} = {6195DDFB-31D8-48F3-A5D5-5326E04FB422}
		{9D9D4EE3-B391-F3DF-A02C-C7F010AF3033} = {5DD90D92-A1BD-4F32-BC68-FAD1A246BDB3}
		{455226BF-4BA9-8677-C7A6-0D42AA53DE20} = {4A7D192E-2F4B-49C7-A084-EBE9A992C3C9}
		{A8C56A23-2FF9-81E3-6390-CD91AADC4132} = {5DD90D92-A1BD-4F32-BC68-FAD1A246BDB3}
		{C05B9C95-0BC6-4BA5-86B1-1499F6A727DE} = {8E82D017-5939-4D73-BBB7-5EE08372ED84}
		{1E0B9AB9-B7F5-432F-858D-127DD07336D7} = {6195DDFB-31D8-48F3-A5D5-5326E04FB422}
		{F40249A0-73B3-462B-8F0D-0D4442B96F5F} = {4A7D192E-2F4B-49C7-A084-EBE9A992C3C9}
		{0D035F04-124B-4606-BF6E-A75D1048F1A9} = {4A7D192E-2F4B-49C7-A084-EBE9A992C3C9}
		{E0F35D94-A462-4E3B-864D-2F901008EC3D} = {7D120E26-E7BF-437C-83DD-39B8ADBD3E07}
		{A1B2C3D4-E5F6-7890-1234-567890ABCDEF} = {7D120E26-E7BF-437C-83DD-39B8ADBD3E07}
		{E312271A-C1CA-45F8-8682-B244F7EC70DC} = {5DD90D92-A1BD-4F32-BC68-FAD1A246BDB3}
		{1B9A8C4E-6D3A-4D5E-8A6A-4E8B0E3895C5} = {6195DDFB-31D8-48F3-A5D5-5326E04FB422}
		{8B5A145D-AA55-4BCD-8BCE-82A57BAA0FD4} = {5DD90D92-A1BD-4F32-BC68-FAD1A246BDB3}
		{A9CDEF0F-5F23-4930-8DF6-1661DE7DB387} = {0AB3BF05-4346-4AA6-1389-037BE0695223}
		{D34CE32B-B8CB-488D-8263-42BC48A728AE} = {0AB3BF05-4346-4AA6-1389-037BE0695223}
		{EF08279B-0B0E-2007-F68F-DE3657BCDD5D} = {0AB3BF05-4346-4AA6-1389-037BE0695223}
		{7145AD1B-AB2D-F6B0-D1E6-916ABC17A6C8} = {0AB3BF05-4346-4AA6-1389-037BE0695223}
		{59546C08-25A8-42D7-A247-4303D386FD87} = {0AB3BF05-4346-4AA6-1389-037BE0695223}
		{E1B5BB2E-F6A2-76A6-F3F4-3B3568D3AF64} = {0AB3BF05-4346-4AA6-1389-037BE0695223}
		{E4BC1CBA-1214-4977-7A86-5ABD708868CC} = {0AB3BF05-4346-4AA6-1389-037BE0695223}
		{F7601BC3-898D-421C-96D8-07ABC071C358} = {E4BC1CBA-1214-4977-7A86-5ABD708868CC}
	EndGlobalSection
	GlobalSection(ExtensibilityGlobals) = postSolution
		SolutionGuid = {C0934B28-6FF7-4875-BBB5-5041537BE9EB}
	EndGlobalSection
EndGlobal
